
Microsoft Visual Studio Solution File, Format Version 12.00
# Visual Studio 14
VisualStudioVersion = 14.0.25420.1
MinimumVisualStudioVersion = 10.0.40219.1
Project("{2150E333-8FDC-42A3-9474-1A3956D46DE8}") = "1 - Creational", "1 - Creational", "{6227842A-B488-481C-BD68-7C1B2ADDF8AC}"
EndProject
Project("{2150E333-8FDC-42A3-9474-1A3956D46DE8}") = "2 - Structural", "2 - Structural", "{7101468E-C5BE-45A5-BF9B-0319E685B5D9}"
EndProject
Project("{2150E333-8FDC-42A3-9474-1A3956D46DE8}") = "3 - Behavioural", "3 - Behavioural", "{C5A24B1C-BE1F-43A8-873A-193306796D9E}"
EndProject
Project("{FAE04EC0-301F-11D3-BF4B-00C04F79EFBC}") = "AbstractFactory", "1 - Creational\AbstractFactory\AbstractFactory.csproj", "{B555D8FD-23BA-4161-8887-9E9B6A12918B}"
EndProject
Project("{FAE04EC0-301F-11D3-BF4B-00C04F79EFBC}") = "Builder", "1 - Creational\Builder\Builder.csproj", "{BFDB52EE-4698-493E-98E2-9EA2C0AE9BFC}"
EndProject
Project("{FAE04EC0-301F-11D3-BF4B-00C04F79EFBC}") = "FactoryMethod", "1 - Creational\FactoryMethod\FactoryMethod.csproj", "{0777EF77-82EF-4EA6-A77E-04CC9F1A6213}"
EndProject
Project("{FAE04EC0-301F-11D3-BF4B-00C04F79EFBC}") = "Prototype", "1 - Creational\Prototype\Prototype.csproj", "{1C897575-37B0-45BF-B04B-44A7DC04FCDE}"
EndProject
Project("{FAE04EC0-301F-11D3-BF4B-00C04F79EFBC}") = "Singleton", "1 - Creational\Singleton\Singleton.csproj", "{C293637D-4A84-46BB-A1A3-A4F8BCE740CD}"
EndProject
Project("{FAE04EC0-301F-11D3-BF4B-00C04F79EFBC}") = "Adapter", "2 - Structural\Adapter\Adapter.csproj", "{839A2D8B-8C47-451F-995D-8C9387E56088}"
EndProject
Project("{FAE04EC0-301F-11D3-BF4B-00C04F79EFBC}") = "Composite", "2 - Structural\Composite\Composite.csproj", "{21343782-FD3A-4A0B-95A7-C88B6B0CFC18}"
EndProject
Global
	GlobalSection(SolutionConfigurationPlatforms) = preSolution
		Debug|Any CPU = Debug|Any CPU
		Release|Any CPU = Release|Any CPU
	EndGlobalSection
	GlobalSection(ProjectConfigurationPlatforms) = postSolution
		{B555D8FD-23BA-4161-8887-9E9B6A12918B}.Debug|Any CPU.ActiveCfg = Debug|Any CPU
		{B555D8FD-23BA-4161-8887-9E9B6A12918B}.Debug|Any CPU.Build.0 = Debug|Any CPU
		{B555D8FD-23BA-4161-8887-9E9B6A12918B}.Release|Any CPU.ActiveCfg = Release|Any CPU
		{B555D8FD-23BA-4161-8887-9E9B6A12918B}.Release|Any CPU.Build.0 = Release|Any CPU
		{BFDB52EE-4698-493E-98E2-9EA2C0AE9BFC}.Debug|Any CPU.ActiveCfg = Debug|Any CPU
		{BFDB52EE-4698-493E-98E2-9EA2C0AE9BFC}.Debug|Any CPU.Build.0 = Debug|Any CPU
		{BFDB52EE-4698-493E-98E2-9EA2C0AE9BFC}.Release|Any CPU.ActiveCfg = Release|Any CPU
		{BFDB52EE-4698-493E-98E2-9EA2C0AE9BFC}.Release|Any CPU.Build.0 = Release|Any CPU
		{0777EF77-82EF-4EA6-A77E-04CC9F1A6213}.Debug|Any CPU.ActiveCfg = Debug|Any CPU
		{0777EF77-82EF-4EA6-A77E-04CC9F1A6213}.Debug|Any CPU.Build.0 = Debug|Any CPU
		{0777EF77-82EF-4EA6-A77E-04CC9F1A6213}.Release|Any CPU.ActiveCfg = Release|Any CPU
		{0777EF77-82EF-4EA6-A77E-04CC9F1A6213}.Release|Any CPU.Build.0 = Release|Any CPU
		{1C897575-37B0-45BF-B04B-44A7DC04FCDE}.Debug|Any CPU.ActiveCfg = Debug|Any CPU
		{1C897575-37B0-45BF-B04B-44A7DC04FCDE}.Debug|Any CPU.Build.0 = Debug|Any CPU
		{1C897575-37B0-45BF-B04B-44A7DC04FCDE}.Release|Any CPU.ActiveCfg = Release|Any CPU
		{1C897575-37B0-45BF-B04B-44A7DC04FCDE}.Release|Any CPU.Build.0 = Release|Any CPU
		{C293637D-4A84-46BB-A1A3-A4F8BCE740CD}.Debug|Any CPU.ActiveCfg = Debug|Any CPU
		{C293637D-4A84-46BB-A1A3-A4F8BCE740CD}.Debug|Any CPU.Build.0 = Debug|Any CPU
		{C293637D-4A84-46BB-A1A3-A4F8BCE740CD}.Release|Any CPU.ActiveCfg = Release|Any CPU
		{C293637D-4A84-46BB-A1A3-A4F8BCE740CD}.Release|Any CPU.Build.0 = Release|Any CPU
		{839A2D8B-8C47-451F-995D-8C9387E56088}.Debug|Any CPU.ActiveCfg = Debug|Any CPU
		{839A2D8B-8C47-451F-995D-8C9387E56088}.Debug|Any CPU.Build.0 = Debug|Any CPU
		{839A2D8B-8C47-451F-995D-8C9387E56088}.Release|Any CPU.ActiveCfg = Release|Any CPU
		{839A2D8B-8C47-451F-995D-8C9387E56088}.Release|Any CPU.Build.0 = Release|Any CPU
		{21343782-FD3A-4A0B-95A7-C88B6B0CFC18}.Debug|Any CPU.ActiveCfg = Debug|Any CPU
		{21343782-FD3A-4A0B-95A7-C88B6B0CFC18}.Debug|Any CPU.Build.0 = Debug|Any CPU
		{21343782-FD3A-4A0B-95A7-C88B6B0CFC18}.Release|Any CPU.ActiveCfg = Release|Any CPU
		{21343782-FD3A-4A0B-95A7-C88B6B0CFC18}.Release|Any CPU.Build.0 = Release|Any CPU
	EndGlobalSection
	GlobalSection(SolutionProperties) = preSolution
		HideSolutionNode = FALSE
	EndGlobalSection
	GlobalSection(NestedProjects) = preSolution
		{B555D8FD-23BA-4161-8887-9E9B6A12918B} = {6227842A-B488-481C-BD68-7C1B2ADDF8AC}
		{BFDB52EE-4698-493E-98E2-9EA2C0AE9BFC} = {6227842A-B488-481C-BD68-7C1B2ADDF8AC}
		{0777EF77-82EF-4EA6-A77E-04CC9F1A6213} = {6227842A-B488-481C-BD68-7C1B2ADDF8AC}
		{1C897575-37B0-45BF-B04B-44A7DC04FCDE} = {6227842A-B488-481C-BD68-7C1B2ADDF8AC}
		{C293637D-4A84-46BB-A1A3-A4F8BCE740CD} = {6227842A-B488-481C-BD68-7C1B2ADDF8AC}
		{839A2D8B-8C47-451F-995D-8C9387E56088} = {7101468E-C5BE-45A5-BF9B-0319E685B5D9}
		{21343782-FD3A-4A0B-95A7-C88B6B0CFC18} = {7101468E-C5BE-45A5-BF9B-0319E685B5D9}
	EndGlobalSection
EndGlobal
